{
  "name": "web",
  "version": "1.0.0",
  "lockfileVersion": 3,
  "requires": true,
  "packages": {
    "": {
      "name": "web",
      "version": "1.0.0",
      "license": "ISC",
      "dependencies": {
        "@moneyhash/js-sdk": "^2.4.1"
      }
    },
    "node_modules/@moneyhash/js-sdk": {
      "version": "2.4.1",
      "resolved": "https://registry.npmjs.org/@moneyhash/js-sdk/-/js-sdk-2.4.1.tgz",
      "integrity": "sha512-cE4tUEJNa40HdUpXGOT7iZR2UXgewxP5/BaLAfuB1mo2UxVXeSxjsH1hJD79Q5AU2w94KkoS8QM2lSQqfokxkg=="
    }
  }
}
